
Microsoft Visual Studio Solution File, Format Version 12.00
# Visual Studio Version 16
VisualStudioVersion = 16.0.32228.343
MinimumVisualStudioVersion = 10.0.40219.1
Project("{FAE04EC0-301F-11D3-BF4B-00C04F79EFBC}") = "Conversion", "Conversion.csproj", "{694A3441-37CC-47E3-A604-CF66CE3CD55A}"
EndProject
Project("{FAE04EC0-301F-11D3-BF4B-00C04F79EFBC}") = "TestConversion", "..\TestConversion\TestConversion.csproj", "{510CC67E-A5E6-40CE-B7F7-76F6372C6143}"
EndProject
Global
	GlobalSection(SolutionConfigurationPlatforms) = preSolution
		Debug|Any CPU = Debug|Any CPU
		Release|Any CPU = Release|Any CPU
	EndGlobalSection
	GlobalSection(ProjectConfigurationPlatforms) = postSolution
		{694A3441-37CC-47E3-A604-CF66CE3CD55A}.Debug|Any CPU.ActiveCfg = Debug|Any CPU
		{694A3441-37CC-47E3-A604-CF66CE3CD55A}.Debug|Any CPU.Build.0 = Debug|Any CPU
		{694A3441-37CC-47E3-A604-CF66CE3CD55A}.Release|Any CPU.ActiveCfg = Release|Any CPU
		{694A3441-37CC-47E3-A604-CF66CE3CD55A}.Release|Any CPU.Build.0 = Release|Any CPU
		{510CC67E-A5E6-40CE-B7F7-76F6372C6143}.Debug|Any CPU.ActiveCfg = Debug|Any CPU
		{510CC67E-A5E6-40CE-B7F7-76F6372C6143}.Debug|Any CPU.Build.0 = Debug|Any CPU
		{510CC67E-A5E6-40CE-B7F7-76F6372C6143}.Release|Any CPU.ActiveCfg = Release|Any CPU
		{510CC67E-A5E6-40CE-B7F7-76F6372C6143}.Release|Any CPU.Build.0 = Release|Any CPU
	EndGlobalSection
	GlobalSection(SolutionProperties) = preSolution
		HideSolutionNode = FALSE
	EndGlobalSection
	GlobalSection(ExtensibilityGlobals) = postSolution
		SolutionGuid = {ED4A2523-EC49-4CD8-B556-C211D00699BD}
	EndGlobalSection
EndGlobal
